# Generated by pub
# See https://dart.dev/tools/pub/glossary#lockfile
packages:
  characters:
    dependency: transitive
    description:
      name: characters
      sha256: "04a925763edad70e8443c99234dc3328f442e811f1d8fd1a72f1c8ad0f69a605"
      url: "https://pub.dev"
    source: hosted
    version: "1.3.0"
  collection:
    dependency: transitive
    description:
      name: collection
      sha256: ee67cb0715911d28db6bf4af1026078bd6f0128b07a5f66fb2ed94ec6783c09a
      url: "https://pub.dev"
    source: hosted
    version: "1.18.0"
  context_watch:
    dependency: "direct main"
    description:
      name: context_watch
      sha256: "6071e9db05dcc4cd896e5ddf5c3169f7afca1980437d9c8c302c42efd1a44796"
      url: "https://pub.dev"
    source: hosted
    version: "1.0.2"
  flutter:
    dependency: "direct main"
    description: flutter
    source: sdk
    version: "0.0.0"
  flutter_mobx:
    dependency: "direct main"
    description:
      name: flutter_mobx
      sha256: "0f0463db8a1582ac88670bea6e4f58ab64a16d701bc7d2c27ea50c1dbe5aecdc"
      url: "https://pub.dev"
    source: hosted
    version: "2.2.0+1"
  flutter_solidart:
    dependency: "direct main"
    description:
      name: flutter_solidart
      sha256: d783b9faeebca69fb31ac4563b5dfb654746d2b69c7ca45766cb5ced6de9490c
      url: "https://pub.dev"
    source: hosted
    version: "1.7.0"
  material_color_utilities:
    dependency: transitive
    description:
      name: material_color_utilities
      sha256: "9528f2f296073ff54cb9fee677df673ace1218163c3bc7628093e7eed5203d41"
      url: "https://pub.dev"
    source: hosted
    version: "0.5.0"
  meta:
    dependency: transitive
    description:
      name: meta
      sha256: a6e590c838b18133bb482a2745ad77c5bb7715fb0451209e1a7567d416678b8e
      url: "https://pub.dev"
    source: hosted
    version: "1.10.0"
  mobx:
    dependency: "direct main"
    description:
      name: mobx
      sha256: "6b467f91bfc534922ea670db69a1972d28bd9754085892decb5bce19f2c8d0d5"
      url: "https://pub.dev"
    source: hosted
    version: "2.3.0"
  nested:
    dependency: transitive
    description:
      name: nested
      sha256: "03bac4c528c64c95c722ec99280375a6f2fc708eec17c7b3f07253b626cd2a20"
      url: "https://pub.dev"
    source: hosted
    version: "1.0.0"
  provider:
    dependency: transitive
    description:
      name: provider
      sha256: "9a96a0a19b594dbc5bf0f1f27d2bc67d5f95957359b461cd9feb44ed6ae75096"
      url: "https://pub.dev"
    source: hosted
    version: "6.1.1"
  rxdart:
    dependency: transitive
    description:
      name: rxdart
      sha256: "0c7c0cedd93788d996e33041ffecda924cc54389199cde4e6a34b440f50044cb"
      url: "https://pub.dev"
    source: hosted
    version: "0.27.7"
  signals:
    dependency: "direct main"
    description:
      name: signals
      sha256: a7ba857a3a6955404e0ba868f86d8490d4c04604766c65ccefb7ba807ef70e42
      url: "https://pub.dev"
    source: hosted
    version: "2.1.10"
  signals_core:
    dependency: transitive
    description:
      name: signals_core
      sha256: "96ca555b5881d1b7a7b521cec9ac64c56eacc75b54a79a76e73eb0d7bcbad82e"
      url: "https://pub.dev"
    source: hosted
    version: "1.0.6"
  signals_flutter:
    dependency: transitive
    description:
      name: signals_flutter
      sha256: ab0e7376fd4b1fbf2f427d431bcf35a1eb2251308feb35f7b770b6f95b5677e6
      url: "https://pub.dev"
    source: hosted
    version: "1.0.8"
  sky_engine:
    dependency: transitive
    description: flutter
    source: sdk
    version: "0.0.99"
  solidart:
    dependency: transitive
    description:
      name: solidart
      sha256: "2d15608b60fff6cf1ed39b4161bde03caddacf6656275d3bedeb3605edfc60e9"
      url: "https://pub.dev"
    source: hosted
    version: "1.5.4"
  state_beacon:
    dependency: "direct main"
    description:
      name: state_beacon
      sha256: bb9d1d6dec5f484c6e3cb12fa7d69a31530b8b46dd646676ed9afa8c7f4c8e4f
      url: "https://pub.dev"
    source: hosted
    version: "0.18.3"
  vector_math:
    dependency: transitive
    description:
      name: vector_math
      sha256: "80b3257d1492ce4d091729e3a67a60407d227c27241d6927be0130c98e741803"
      url: "https://pub.dev"
    source: hosted
    version: "2.1.4"
  very_good_analysis:
    dependency: "direct dev"
    description:
      name: very_good_analysis
      sha256: "9ae7f3a3bd5764fb021b335ca28a34f040cd0ab6eec00a1b213b445dae58a4b8"
      url: "https://pub.dev"
    source: hosted
    version: "5.1.0"
  web:
    dependency: transitive
    description:
      name: web
      sha256: afe077240a270dcfd2aafe77602b4113645af95d0ad31128cc02bce5ac5d5152
      url: "https://pub.dev"
    source: hosted
    version: "0.3.0"
sdks:
  dart: ">=3.2.0-194.0.dev <4.0.0"
  flutter: ">=1.17.0"
