# Generated by pub
# See https://dart.dev/tools/pub/glossary#lockfile
packages:
  basic_interfaces:
    dependency: transitive
    description:
      name: basic_interfaces
      sha256: c37c8c4ddbc594430eb3817a4edfcc9a0cadbc7ea4c51a5b48785e351f1ba479
      url: "https://pub.dev"
    source: hosted
    version: "1.0.4"
  characters:
    dependency: transitive
    description:
      name: characters
      sha256: "04a925763edad70e8443c99234dc3328f442e811f1d8fd1a72f1c8ad0f69a605"
      url: "https://pub.dev"
    source: hosted
    version: "1.3.0"
  collection:
    dependency: transitive
    description:
      name: collection
      sha256: ee67cb0715911d28db6bf4af1026078bd6f0128b07a5f66fb2ed94ec6783c09a
      url: "https://pub.dev"
    source: hosted
    version: "1.18.0"
  context_watch:
    dependency: "direct main"
    description:
      name: context_watch
      sha256: "1aab6a3543014ebedcf5501bf2262058d8a448b6b86d79cf41a707113d4ae783"
      url: "https://pub.dev"
    source: hosted
    version: "3.1.1"
  context_watch_base:
    dependency: transitive
    description:
      name: context_watch_base
      sha256: "53d6776bedadd58309fda319a8c008166d33405ae8c0d782e62ace851ec969b5"
      url: "https://pub.dev"
    source: hosted
    version: "3.1.0"
  flutter:
    dependency: "direct main"
    description: flutter
    source: sdk
    version: "0.0.0"
  flutter_mobx:
    dependency: "direct main"
    description:
      name: flutter_mobx
      sha256: "859fbf452fa9c2519d2700b125dd7fb14c508bbdd7fb65e26ca8ff6c92280e2e"
      url: "https://pub.dev"
    source: hosted
    version: "2.2.1+1"
  flutter_solidart:
    dependency: "direct main"
    description:
      name: flutter_solidart
      sha256: "15a8aac40101d25e7645d61a08c9d4c44407bba11843dd95295f154c3a4f7b3f"
      url: "https://pub.dev"
    source: hosted
    version: "1.7.1"
  lite_ref:
    dependency: transitive
    description:
      name: lite_ref
      sha256: "8b6a75279cb60a42147c5a2150cc2f59178f54ff8d718e8e90423757b0b1d979"
      url: "https://pub.dev"
    source: hosted
    version: "0.7.0"
  lite_ref_core:
    dependency: transitive
    description:
      name: lite_ref_core
      sha256: b902af6b90736d6fb7a2c171af37d15f4894a5880e9eb55ffb3fee5f01385849
      url: "https://pub.dev"
    source: hosted
    version: "0.1.1"
  material_color_utilities:
    dependency: transitive
    description:
      name: material_color_utilities
      sha256: "0e0a020085b65b6083975e499759762399b4475f766c21668c4ecca34ea74e5a"
      url: "https://pub.dev"
    source: hosted
    version: "0.8.0"
  meta:
    dependency: transitive
    description:
      name: meta
      sha256: d584fa6707a52763a52446f02cc621b077888fb63b93bbcb1143a7be5a0c0c04
      url: "https://pub.dev"
    source: hosted
    version: "1.11.0"
  mobx:
    dependency: "direct main"
    description:
      name: mobx
      sha256: "63920b27b32ad1910adfe767ab1750e4c212e8923232a1f891597b362074ea5e"
      url: "https://pub.dev"
    source: hosted
    version: "2.3.3+2"
  nested:
    dependency: transitive
    description:
      name: nested
      sha256: "03bac4c528c64c95c722ec99280375a6f2fc708eec17c7b3f07253b626cd2a20"
      url: "https://pub.dev"
    source: hosted
    version: "1.0.0"
  provider:
    dependency: transitive
    description:
      name: provider
      sha256: c8a055ee5ce3fd98d6fc872478b03823ffdb448699c6ebdbbc71d59b596fd48c
      url: "https://pub.dev"
    source: hosted
    version: "6.1.2"
  rxdart:
    dependency: transitive
    description:
      name: rxdart
      sha256: "0c7c0cedd93788d996e33041ffecda924cc54389199cde4e6a34b440f50044cb"
      url: "https://pub.dev"
    source: hosted
    version: "0.27.7"
  signals:
    dependency: "direct main"
    description:
      name: signals
      sha256: "8e48aee8951f85098afa9dac598972ed7c247dce591ea446cffea278afe68777"
      url: "https://pub.dev"
    source: hosted
    version: "5.0.0"
  signals_core:
    dependency: transitive
    description:
      name: signals_core
      sha256: c46c4997379999311e2cce120f07cf5c61db3ffb28d58e2429a12755846aca68
      url: "https://pub.dev"
    source: hosted
    version: "5.0.0"
  signals_flutter:
    dependency: transitive
    description:
      name: signals_flutter
      sha256: "66622d32baddc50b9d119d630cf24d74ca7fcc3824c4045135e1233f46f91d67"
      url: "https://pub.dev"
    source: hosted
    version: "5.0.0"
  sky_engine:
    dependency: transitive
    description: flutter
    source: sdk
    version: "0.0.99"
  solidart:
    dependency: transitive
    description:
      name: solidart
      sha256: "2d15608b60fff6cf1ed39b4161bde03caddacf6656275d3bedeb3605edfc60e9"
      url: "https://pub.dev"
    source: hosted
    version: "1.5.4"
  state_beacon:
    dependency: "direct main"
    description:
      name: state_beacon
      sha256: "7e345c09a799326ebf6d8effdd4d1ade9d47ba8ce715c11c656f3f2877923cec"
      url: "https://pub.dev"
    source: hosted
    version: "0.45.0"
  state_beacon_core:
    dependency: transitive
    description:
      name: state_beacon_core
      sha256: "7e6b3f157cb822acb77829f6696e562064a4b9a5cd687e4056d203288135c20c"
      url: "https://pub.dev"
    source: hosted
    version: "0.43.5"
  vector_math:
    dependency: transitive
    description:
      name: vector_math
      sha256: "80b3257d1492ce4d091729e3a67a60407d227c27241d6927be0130c98e741803"
      url: "https://pub.dev"
    source: hosted
    version: "2.1.4"
  very_good_analysis:
    dependency: "direct dev"
    description:
      name: very_good_analysis
      sha256: "9ae7f3a3bd5764fb021b335ca28a34f040cd0ab6eec00a1b213b445dae58a4b8"
      url: "https://pub.dev"
    source: hosted
    version: "5.1.0"
sdks:
  dart: ">=3.2.0-0 <4.0.0"
  flutter: ">=3.17.0-1.0.pre.38"
